
Microsoft Visual Studio Solution File, Format Version 11.00
# Visual Studio 2010
Project("{FAE04EC0-301F-11D3-BF4B-00C04F79EFBC}") = "PayDesk", "seller\PayDesk.csproj", "{C7FD4F0D-3010-4052-9F06-A9CAD068B2AF}"
EndProject
Project("{FAE04EC0-301F-11D3-BF4B-00C04F79EFBC}") = "mdcore", "mdcore\mdcore.csproj", "{F30B5495-0D1A-4A10-83C9-D1E9BAFE5A2F}"
EndProject
Project("{FAE04EC0-301F-11D3-BF4B-00C04F79EFBC}") = "FPService", "FPService\FPService.csproj", "{0A299CAF-D739-4CC3-A527-5C6B67E48AC9}"
EndProject
Project("{FAE04EC0-301F-11D3-BF4B-00C04F79EFBC}") = "winapi", "uwinapi\winapi.csproj", "{50CB20A6-24C1-4FE5-868D-031E4CFAF8A2}"
EndProject
Project("{FAE04EC0-301F-11D3-BF4B-00C04F79EFBC}") = "sgmode", "lib_sgmode\sgmode.csproj", "{12C9AF9A-1868-484C-8FF9-F88CB7826C86}"
EndProject
Global
	GlobalSection(TestCaseManagementSettings) = postSolution
		CategoryFile = X-E260T.vsmdi
	EndGlobalSection
	GlobalSection(SolutionConfigurationPlatforms) = preSolution
		Debug|Any CPU = Debug|Any CPU
		Release|Any CPU = Release|Any CPU
	EndGlobalSection
	GlobalSection(ProjectConfigurationPlatforms) = postSolution
		{C7FD4F0D-3010-4052-9F06-A9CAD068B2AF}.Debug|Any CPU.ActiveCfg = Debug|Any CPU
		{C7FD4F0D-3010-4052-9F06-A9CAD068B2AF}.Debug|Any CPU.Build.0 = Debug|Any CPU
		{C7FD4F0D-3010-4052-9F06-A9CAD068B2AF}.Release|Any CPU.ActiveCfg = Release|Any CPU
		{C7FD4F0D-3010-4052-9F06-A9CAD068B2AF}.Release|Any CPU.Build.0 = Release|Any CPU
		{F30B5495-0D1A-4A10-83C9-D1E9BAFE5A2F}.Debug|Any CPU.ActiveCfg = Debug|Any CPU
		{F30B5495-0D1A-4A10-83C9-D1E9BAFE5A2F}.Debug|Any CPU.Build.0 = Debug|Any CPU
		{F30B5495-0D1A-4A10-83C9-D1E9BAFE5A2F}.Release|Any CPU.ActiveCfg = Release|Any CPU
		{F30B5495-0D1A-4A10-83C9-D1E9BAFE5A2F}.Release|Any CPU.Build.0 = Release|Any CPU
		{0A299CAF-D739-4CC3-A527-5C6B67E48AC9}.Debug|Any CPU.ActiveCfg = Debug|Any CPU
		{0A299CAF-D739-4CC3-A527-5C6B67E48AC9}.Debug|Any CPU.Build.0 = Debug|Any CPU
		{0A299CAF-D739-4CC3-A527-5C6B67E48AC9}.Release|Any CPU.ActiveCfg = Release|Any CPU
		{0A299CAF-D739-4CC3-A527-5C6B67E48AC9}.Release|Any CPU.Build.0 = Release|Any CPU
		{50CB20A6-24C1-4FE5-868D-031E4CFAF8A2}.Debug|Any CPU.ActiveCfg = Debug|Any CPU
		{50CB20A6-24C1-4FE5-868D-031E4CFAF8A2}.Debug|Any CPU.Build.0 = Debug|Any CPU
		{50CB20A6-24C1-4FE5-868D-031E4CFAF8A2}.Release|Any CPU.ActiveCfg = Release|Any CPU
		{50CB20A6-24C1-4FE5-868D-031E4CFAF8A2}.Release|Any CPU.Build.0 = Release|Any CPU
		{12C9AF9A-1868-484C-8FF9-F88CB7826C86}.Debug|Any CPU.ActiveCfg = Debug|Any CPU
		{12C9AF9A-1868-484C-8FF9-F88CB7826C86}.Debug|Any CPU.Build.0 = Debug|Any CPU
		{12C9AF9A-1868-484C-8FF9-F88CB7826C86}.Release|Any CPU.ActiveCfg = Release|Any CPU
		{12C9AF9A-1868-484C-8FF9-F88CB7826C86}.Release|Any CPU.Build.0 = Release|Any CPU
	EndGlobalSection
	GlobalSection(SolutionProperties) = preSolution
		HideSolutionNode = FALSE
	EndGlobalSection
EndGlobal
