
Microsoft Visual Studio Solution File, Format Version 9.00
# Visual Studio 2005
Project("{FAE04EC0-301F-11D3-BF4B-00C04F79EFBC}") = "seller", "seller.csproj", "{C7FD4F0D-3010-4052-9F06-A9CAD068B2AF}"
	ProjectSection(ProjectDependencies) = postProject
		{F30B5495-0D1A-4A10-83C9-D1E9BAFE5A2F} = {F30B5495-0D1A-4A10-83C9-D1E9BAFE5A2F}
	EndProjectSection
EndProject
Project("{FAE04EC0-301F-11D3-BF4B-00C04F79EFBC}") = "mslc3v", "..\mslc3v\mslc3v.csproj", "{F30B5495-0D1A-4A10-83C9-D1E9BAFE5A2F}"
EndProject
Project("{FAE04EC0-301F-11D3-BF4B-00C04F79EFBC}") = "GmailNotifierControl", "..\GmailControl\GmailNotifierControl.csproj", "{E9525AC0-4377-46E1-9600-91C0F9911B9F}"
EndProject
Global
	GlobalSection(SolutionConfigurationPlatforms) = preSolution
		Debug|Any CPU = Debug|Any CPU
		Release|Any CPU = Release|Any CPU
	EndGlobalSection
	GlobalSection(ProjectConfigurationPlatforms) = postSolution
		{C7FD4F0D-3010-4052-9F06-A9CAD068B2AF}.Debug|Any CPU.ActiveCfg = Debug|Any CPU
		{C7FD4F0D-3010-4052-9F06-A9CAD068B2AF}.Debug|Any CPU.Build.0 = Debug|Any CPU
		{C7FD4F0D-3010-4052-9F06-A9CAD068B2AF}.Release|Any CPU.ActiveCfg = Release|Any CPU
		{C7FD4F0D-3010-4052-9F06-A9CAD068B2AF}.Release|Any CPU.Build.0 = Release|Any CPU
		{F30B5495-0D1A-4A10-83C9-D1E9BAFE5A2F}.Debug|Any CPU.ActiveCfg = Debug|Any CPU
		{F30B5495-0D1A-4A10-83C9-D1E9BAFE5A2F}.Debug|Any CPU.Build.0 = Debug|Any CPU
		{F30B5495-0D1A-4A10-83C9-D1E9BAFE5A2F}.Release|Any CPU.ActiveCfg = Release|Any CPU
		{F30B5495-0D1A-4A10-83C9-D1E9BAFE5A2F}.Release|Any CPU.Build.0 = Release|Any CPU
		{E9525AC0-4377-46E1-9600-91C0F9911B9F}.Debug|Any CPU.ActiveCfg = Debug|Any CPU
		{E9525AC0-4377-46E1-9600-91C0F9911B9F}.Debug|Any CPU.Build.0 = Debug|Any CPU
		{E9525AC0-4377-46E1-9600-91C0F9911B9F}.Release|Any CPU.ActiveCfg = Release|Any CPU
		{E9525AC0-4377-46E1-9600-91C0F9911B9F}.Release|Any CPU.Build.0 = Release|Any CPU
	EndGlobalSection
	GlobalSection(SolutionProperties) = preSolution
		HideSolutionNode = FALSE
	EndGlobalSection
EndGlobal
